
Microsoft Visual Studio Solution File, Format Version 12.00
# Visual Studio 15
VisualStudioVersion = 15.0.28307.271
MinimumVisualStudioVersion = 10.0.40219.1
Project("{FAE04EC0-301F-11D3-BF4B-00C04F79EFBC}") = "MovieApp.WebUI", "MovieApp.WebUI\MovieApp.WebUI.csproj", "{1A9C30DB-C205-4778-A031-68FDA543F105}"
EndProject
Global
	GlobalSection(SolutionConfigurationPlatforms) = preSolution
		Debug|Any CPU = Debug|Any CPU
		Release|Any CPU = Release|Any CPU
	EndGlobalSection
	GlobalSection(ProjectConfigurationPlatforms) = postSolution
		{1A9C30DB-C205-4778-A031-68FDA543F105}.Debug|Any CPU.ActiveCfg = Debug|Any CPU
		{1A9C30DB-C205-4778-A031-68FDA543F105}.Debug|Any CPU.Build.0 = Debug|Any CPU
		{1A9C30DB-C205-4778-A031-68FDA543F105}.Release|Any CPU.ActiveCfg = Release|Any CPU
		{1A9C30DB-C205-4778-A031-68FDA543F105}.Release|Any CPU.Build.0 = Release|Any CPU
	EndGlobalSection
	GlobalSection(SolutionProperties) = preSolution
		HideSolutionNode = FALSE
	EndGlobalSection
	GlobalSection(ExtensibilityGlobals) = postSolution
		SolutionGuid = {2F222BC7-9F39-4A46-8E7E-EB160DA8F1C5}
	EndGlobalSection
EndGlobal
